
Microsoft Visual Studio Solution File, Format Version 12.00
# Visual Studio Version 16
VisualStudioVersion = 16.0.31702.278
MinimumVisualStudioVersion = 10.0.40219.1
Project("{FAE04EC0-301F-11D3-BF4B-00C04F79EFBC}") = "linked(s)", "linked(s)\linked(s).csproj", "{A6C28B70-9E72-49C3-A500-9392921C6ACA}"
EndProject
Global
	GlobalSection(SolutionConfigurationPlatforms) = preSolution
		Debug|Any CPU = Debug|Any CPU
		Release|Any CPU = Release|Any CPU
	EndGlobalSection
	GlobalSection(ProjectConfigurationPlatforms) = postSolution
		{A6C28B70-9E72-49C3-A500-9392921C6ACA}.Debug|Any CPU.ActiveCfg = Debug|Any CPU
		{A6C28B70-9E72-49C3-A500-9392921C6ACA}.Debug|Any CPU.Build.0 = Debug|Any CPU
		{A6C28B70-9E72-49C3-A500-9392921C6ACA}.Release|Any CPU.ActiveCfg = Release|Any CPU
		{A6C28B70-9E72-49C3-A500-9392921C6ACA}.Release|Any CPU.Build.0 = Release|Any CPU
	EndGlobalSection
	GlobalSection(SolutionProperties) = preSolution
		HideSolutionNode = FALSE
	EndGlobalSection
	GlobalSection(ExtensibilityGlobals) = postSolution
		SolutionGuid = {5BA991AE-3834-44BB-BA03-1DBEAA6A04F7}
	EndGlobalSection
EndGlobal
